<?xml version="1.0" encoding="utf-8"?>
<Project ToolsVersion="4.0" xmlns="http://schemas.microsoft.com/developer/msbuild/2003">
  <ItemGroup>
    <Filter Include="Source Files">
      <UniqueIdentifier>{4FC737F1-C7A5-4376-A066-2A32D752A2FF}</UniqueIdentifier>
      <Extensions>qml;cpp;c;cc;cxx;def;odl;idl;hpj;bat;asm;asmx</Extensions>
    </Filter>
    <Filter Include="Header Files">
      <UniqueIdentifier>{93995380-89BD-4b04-88EB-625FBE52EBFB}</UniqueIdentifier>
      <Extensions>h;hh;hpp;hxx;hm;inl;inc;xsd</Extensions>
    </Filter>
    <Filter Include="Resource Files">
      <UniqueIdentifier>{67DA6AB6-F800-4c08-8B7A-83BB121AAD01}</UniqueIdentifier>
      <Extensions>qrc;rc;ico;cur;bmp;dlg;rc2;rct;bin;rgs;gif;jpg;jpeg;jpe;resx;tiff;tif;png;wav;mfcribbon-ms</Extensions>
    </Filter>
    <Filter Include="Form Files">
      <UniqueIdentifier>{99349809-55BA-4b9d-BF79-8FDBB0286EB3}</UniqueIdentifier>
      <Extensions>ui</Extensions>
    </Filter>
    <Filter Include="Translation Files">
      <UniqueIdentifier>{639EADAA-A684-42e4-A9AD-28FC9BCB8F7C}</UniqueIdentifier>
      <Extensions>ts</Extensions>
    </Filter>
    <Filter Include="Header Files\ui">
      <UniqueIdentifier>{84d39eb8-9e2a-4b6f-9974-1d31c9cb4e2d}</UniqueIdentifier>
    </Filter>
    <Filter Include="Misc Files">
      <UniqueIdentifier>{c00ef2bb-1756-48a0-ad44-11b537368caa}</UniqueIdentifier>
    </Filter>
    <Filter Include="Source Files\widget">
      <UniqueIdentifier>{4d3b77dd-d755-4729-8395-af59cea4b5df}</UniqueIdentifier>
    </Filter>
    <Filter Include="Source Files\thread">
      <UniqueIdentifier>{4914f774-3c21-4c79-bd04-bbb33ec58d1b}</UniqueIdentifier>
    </Filter>
    <Filter Include="Header Files\widget">
      <UniqueIdentifier>{32374b40-7ecd-4b36-801a-29afd16e8b61}</UniqueIdentifier>
    </Filter>
    <Filter Include="Header Files\thread">
      <UniqueIdentifier>{82702274-c11a-4a88-ad78-e9b6c55ed464}</UniqueIdentifier>
    </Filter>
  </ItemGroup>
  <ItemGroup>
    <QtUic Include="Form Files\rounded_rectangle.ui">
      <Filter>Form Files</Filter>
    </QtUic>
    <QtUic Include="Form Files\tianli_widget.ui">
      <Filter>Form Files</Filter>
    </QtUic>
    <QtUic Include="Form Files\time_line_label.ui">
      <Filter>Form Files</Filter>
    </QtUic>
  </ItemGroup>
  <ItemGroup>
    <ClInclude Include="Resource Files\resource.h">
      <Filter>Resource Files</Filter>
    </ClInclude>
    <ClInclude Include="Header Files\ui\ui_rounded_rectangle.h">
      <Filter>Header Files\ui</Filter>
    </ClInclude>
    <ClInclude Include="Header Files\ui\ui_tianli_widget.h">
      <Filter>Header Files\ui</Filter>
    </ClInclude>
    <ClInclude Include="Header Files\ui\ui_time_line_label.h">
      <Filter>Header Files\ui</Filter>
    </ClInclude>
    <ClInclude Include="Header Files\pch.h">
      <Filter>Header Files</Filter>
    </ClInclude>
    <ClInclude Include="Header Files\tianli_widget_utils.h">
      <Filter>Header Files</Filter>
    </ClInclude>
    <ClInclude Include="Header Files\config.h">
      <Filter>Header Files</Filter>
    </ClInclude>
    <ClInclude Include="Header Files\uninstall_thread.h">
      <Filter>Header Files\thread</Filter>
    </ClInclude>
  </ItemGroup>
  <ItemGroup>
    <ResourceCompile Include="Resource Files\app_info.rc">
      <Filter>Resource Files</Filter>
    </ResourceCompile>
    <ResourceCompile Include="Resource Files\resource.rc">
      <Filter>Resource Files</Filter>
    </ResourceCompile>
  </ItemGroup>
  <ItemGroup>
    <QtRcc Include="Resource Files\tianli.qrc">
      <Filter>Resource Files</Filter>
    </QtRcc>
  </ItemGroup>
  <ItemGroup>
    <ClCompile Include="Source Files\main.cpp">
      <Filter>Source Files</Filter>
    </ClCompile>
    <ClCompile Include="Source Files\pch.cpp">
      <Filter>Source Files</Filter>
    </ClCompile>
    <ClCompile Include="Source Files\config.cpp">
      <Filter>Source Files</Filter>
    </ClCompile>
    <ClCompile Include="Source Files\install_widget.cpp">
      <Filter>Source Files\widget</Filter>
    </ClCompile>
    <ClCompile Include="Source Files\time_line_label.cpp">
      <Filter>Source Files\widget</Filter>
    </ClCompile>
    <ClCompile Include="Source Files\rounded_rectangle.cpp">
      <Filter>Source Files\widget</Filter>
    </ClCompile>
    <ClCompile Include="Source Files\installThread.cpp">
      <Filter>Source Files\thread</Filter>
    </ClCompile>
    <ClCompile Include="Source Files\tianli_widget_super.cpp">
      <Filter>Source Files</Filter>
    </ClCompile>
    <ClCompile Include="Source Files\tianli_widget_utils.cpp">
      <Filter>Source Files</Filter>
    </ClCompile>
    <ClCompile Include="Source Files\thread_super.cpp">
      <Filter>Source Files</Filter>
    </ClCompile>
    <ClCompile Include="Source Files\update_widget.cpp">
      <Filter>Source Files\widget</Filter>
    </ClCompile>
    <ClCompile Include="Source Files\uninstall_thread.cpp">
      <Filter>Source Files\thread</Filter>
    </ClCompile>
    <ClCompile Include="Source Files\uninstall_widget.cpp">
      <Filter>Source Files\widget</Filter>
    </ClCompile>
  </ItemGroup>
  <ItemGroup>
    <QtMoc Include="Header Files\tianli_widget_super.h">
      <Filter>Header Files</Filter>
    </QtMoc>
    <QtMoc Include="Header Files\rounded_rectangle.h">
      <Filter>Header Files\widget</Filter>
    </QtMoc>
    <QtMoc Include="Header Files\time_line_label.h">
      <Filter>Header Files\widget</Filter>
    </QtMoc>
    <QtMoc Include="Header Files\installThread.h">
      <Filter>Header Files\thread</Filter>
    </QtMoc>
    <QtMoc Include="Header Files\thread_super.h">
      <Filter>Header Files</Filter>
    </QtMoc>
    <QtMoc Include="Header Files\install_widget.h">
      <Filter>Header Files\widget</Filter>
    </QtMoc>
    <QtMoc Include="Header Files\update_widget.h">
      <Filter>Header Files\widget</Filter>
    </QtMoc>
    <QtMoc Include="Header Files\uninstall_widget.h">
      <Filter>Header Files\widget</Filter>
    </QtMoc>
  </ItemGroup>
  <ItemGroup>
    <None Include="outExe\x64\Debug\installer.ini">
      <Filter>Misc Files</Filter>
    </None>
    <None Include="Misc Files\removeDir.bat">
      <Filter>Resource Files</Filter>
    </None>
  </ItemGroup>
</Project>